
Microsoft Visual Studio Solution File, Format Version 12.00
# Visual Studio 15
VisualStudioVersion = 15.0.28010.2016
MinimumVisualStudioVersion = 10.0.40219.1
Project("{FAE04EC0-301F-11D3-BF4B-00C04F79EFBC}") = "WindowsFormsApp2", "WindowsFormsApp2\WindowsFormsApp2.csproj", "{E712422E-B2A0-4B27-93B6-2D76CB63DCBE}"
EndProject
Global
	GlobalSection(SolutionConfigurationPlatforms) = preSolution
		Debug|Any CPU = Debug|Any CPU
		Debug|x86 = Debug|x86
		Release|Any CPU = Release|Any CPU
		Release|x86 = Release|x86
	EndGlobalSection
	GlobalSection(ProjectConfigurationPlatforms) = postSolution
		{E712422E-B2A0-4B27-93B6-2D76CB63DCBE}.Debug|Any CPU.ActiveCfg = Debug|Any CPU
		{E712422E-B2A0-4B27-93B6-2D76CB63DCBE}.Debug|Any CPU.Build.0 = Debug|Any CPU
		{E712422E-B2A0-4B27-93B6-2D76CB63DCBE}.Debug|x86.ActiveCfg = Debug|x86
		{E712422E-B2A0-4B27-93B6-2D76CB63DCBE}.Debug|x86.Build.0 = Debug|x86
		{E712422E-B2A0-4B27-93B6-2D76CB63DCBE}.Release|Any CPU.ActiveCfg = Release|Any CPU
		{E712422E-B2A0-4B27-93B6-2D76CB63DCBE}.Release|Any CPU.Build.0 = Release|Any CPU
		{E712422E-B2A0-4B27-93B6-2D76CB63DCBE}.Release|x86.ActiveCfg = Release|x86
		{E712422E-B2A0-4B27-93B6-2D76CB63DCBE}.Release|x86.Build.0 = Release|x86
	EndGlobalSection
	GlobalSection(SolutionProperties) = preSolution
		HideSolutionNode = FALSE
	EndGlobalSection
	GlobalSection(ExtensibilityGlobals) = postSolution
		SolutionGuid = {2BE176F4-71B5-4364-959D-11AAC597D1A6}
	EndGlobalSection
EndGlobal
